{
  "version": 4,
  "terraform_version": "1.11.1",
  "serial": 5,
  "lineage": "9b32795e-849d-de21-de06-3d3a9944184f",
  "outputs": {
    "instance_ip": {
      "value": "34.44.162.230",
      "type": "string"
    }
  },
  "resources": [
    {
      "mode": "managed",
      "type": "google_compute_firewall",
      "name": "web_firewall",
      "provider": "provider[\"registry.terraform.io/hashicorp/google\"]",
      "instances": [
        {
          "schema_version": 1,
          "attributes": {
            "allow": [
              {
                "ports": [
                  "80",
                  "22"
                ],
                "protocol": "tcp"
              }
            ],
            "creation_timestamp": "2025-03-05T15:41:58.364-08:00",
            "deny": [],
            "description": "",
            "destination_ranges": [],
            "direction": "INGRESS",
            "disabled": false,
            "enable_logging": null,
            "id": "projects/general-452601/global/firewalls/web-firewall",
            "log_config": [],
            "name": "web-firewall",
            "network": "https://www.googleapis.com/compute/v1/projects/general-452601/global/networks/default",
            "priority": 1000,
            "project": "general-452601",
            "self_link": "https://www.googleapis.com/compute/v1/projects/general-452601/global/firewalls/web-firewall",
            "source_ranges": [
              "0.0.0.0/0"
            ],
            "source_service_accounts": [],
            "source_tags": [],
            "target_service_accounts": [],
            "target_tags": [],
            "timeouts": null
          },
          "sensitive_attributes": [],
          "private": "eyJlMmJmYjczMC1lY2FhLTExZTYtOGY4OC0zNDM2M2JjN2M0YzAiOnsiY3JlYXRlIjoxMjAwMDAwMDAwMDAwLCJkZWxldGUiOjEyMDAwMDAwMDAwMDAsInVwZGF0ZSI6MTIwMDAwMDAwMDAwMH0sInNjaGVtYV92ZXJzaW9uIjoiMSJ9"
        }
      ]
    },
    {
      "mode": "managed",
      "type": "google_compute_instance",
      "name": "web_server",
      "provider": "provider[\"registry.terraform.io/hashicorp/google\"]",
      "instances": [
        {
          "schema_version": 6,
          "attributes": {
            "advanced_machine_features": [],
            "allow_stopping_for_update": null,
            "attached_disk": [],
            "boot_disk": [
              {
                "auto_delete": true,
                "device_name": "persistent-disk-0",
                "disk_encryption_key_raw": "",
                "disk_encryption_key_sha256": "",
                "initialize_params": [
                  {
                    "enable_confidential_compute": false,
                    "image": "https://www.googleapis.com/compute/v1/projects/debian-cloud/global/images/debian-11-bullseye-v20250212",
                    "labels": {},
                    "provisioned_iops": 0,
                    "provisioned_throughput": 0,
                    "resource_manager_tags": null,
                    "resource_policies": [],
                    "size": 10,
                    "storage_pool": "",
                    "type": "pd-standard"
                  }
                ],
                "interface": "",
                "kms_key_self_link": "",
                "mode": "READ_WRITE",
                "source": "https://www.googleapis.com/compute/v1/projects/general-452601/zones/us-central1-a/disks/web-server"
              }
            ],
            "can_ip_forward": false,
            "confidential_instance_config": [],
            "cpu_platform": "Intel Broadwell",
            "creation_timestamp": "2025-03-05T15:44:31.676-08:00",
            "current_status": "RUNNING",
            "deletion_protection": false,
            "description": "",
            "desired_status": null,
            "effective_labels": {
              "goog-terraform-provisioned": "true"
            },
            "enable_display": false,
            "guest_accelerator": [],
            "hostname": "",
            "id": "projects/general-452601/zones/us-central1-a/instances/web-server",
            "instance_id": "7251915152690601777",
            "key_revocation_action_type": "",
            "label_fingerprint": "vezUS-42LLM=",
            "labels": null,
            "machine_type": "e2-micro",
            "metadata": {
              "ssh-keys": "ubuntu:ssh-rsa AAAAB3NzaC1yc2EAAAADAQABAAACAQDT0i7OcvO4kxL4OztXtprP04Ju3E/T8nCKIehJeGXtSsGwx0cC04QgbQ+MgSX9cjOPB5omQO4LVS7tLnyuKilcKLq7L+P7s9Lszuft2wrJ2qg4OkBzYEoJ3KgznLYFuhy+sDKYPHRZxTPRX3HO9i4WnHaE0DGPkIN5QX/+LYXi6qVztwq+niV8D7wm0ggjx2IUqS3BH2xDgqmIxbmbak4D9Q2RN6a4ZJwWOxKGwxsPc2XleZ4owE1nrcrbH7vqWCSxbf3LRum6rv+4SDiUwm/sb2YjXSgyaneydRZKKdFXVJpw4/tzQ0i2D5vGgdgokadGP0i0RZKz8U7teB6OM6+gsUf78xcwMvRHf/r9osMHdGoJLyTR8RlW4EGH1Xfdvxqgz16a9S1tyQggtM3JISPLovcm80ol/OcJmWj5uMTTzehT+C/A/PF4LqrWeR9SnVSXV+k6dCe7LhcpOOubKsk0Be2+ClDbwxbIpFtTgD69UDgoux4Ir4DlQErg8+/rV1F6zw7UeME+Um4awxGL7g66wj18yweDGN//soOc4f6xegYYqaj0NyWuDZT+ZRveqQOQXT67R5HKPZGczEyq6dA6tRwWJjuAolrgRrtGgnKWfxBgGxRyID3zQA7gcSodgtCawLdjin58UTaOTa+gup/+P2/kFXLWLLmfYbUftzU1zQ== charlesmccarthy233@gmail.com\n"
            },
            "metadata_fingerprint": "iDyrHFWUNN8=",
            "metadata_startup_script": null,
            "min_cpu_platform": "",
            "name": "web-server",
            "network_interface": [
              {
                "access_config": [
                  {
                    "nat_ip": "34.44.162.230",
                    "network_tier": "PREMIUM",
                    "public_ptr_domain_name": ""
                  }
                ],
                "alias_ip_range": [],
                "internal_ipv6_prefix_length": 0,
                "ipv6_access_config": [],
                "ipv6_access_type": "",
                "ipv6_address": "",
                "name": "nic0",
                "network": "https://www.googleapis.com/compute/v1/projects/general-452601/global/networks/default",
                "network_attachment": "",
                "network_ip": "10.128.0.2",
                "nic_type": "",
                "queue_count": 0,
                "stack_type": "IPV4_ONLY",
                "subnetwork": "https://www.googleapis.com/compute/v1/projects/general-452601/regions/us-central1/subnetworks/default",
                "subnetwork_project": "general-452601"
              }
            ],
            "network_performance_config": [],
            "params": [],
            "project": "general-452601",
            "reservation_affinity": [],
            "resource_policies": null,
            "scheduling": [
              {
                "automatic_restart": true,
                "availability_domain": 0,
                "instance_termination_action": "",
                "local_ssd_recovery_timeout": [],
                "max_run_duration": [],
                "min_node_cpus": 0,
                "node_affinities": [],
                "on_host_maintenance": "MIGRATE",
                "on_instance_stop_action": [],
                "preemptible": false,
                "provisioning_model": "STANDARD"
              }
            ],
            "scratch_disk": [],
            "self_link": "https://www.googleapis.com/compute/v1/projects/general-452601/zones/us-central1-a/instances/web-server",
            "service_account": [],
            "shielded_instance_config": [
              {
                "enable_integrity_monitoring": true,
                "enable_secure_boot": false,
                "enable_vtpm": true
              }
            ],
            "tags": null,
            "tags_fingerprint": "42WmSpB8rSM=",
            "terraform_labels": {
              "goog-terraform-provisioned": "true"
            },
            "timeouts": null,
            "zone": "us-central1-a"
          },
          "sensitive_attributes": [
            [
              {
                "type": "get_attr",
                "value": "boot_disk"
              },
              {
                "type": "index",
                "value": {
                  "value": 0,
                  "type": "number"
                }
              },
              {
                "type": "get_attr",
                "value": "disk_encryption_key_raw"
              }
            ]
          ],
          "private": "eyJlMmJmYjczMC1lY2FhLTExZTYtOGY4OC0zNDM2M2JjN2M0YzAiOnsiY3JlYXRlIjoxMjAwMDAwMDAwMDAwLCJkZWxldGUiOjEyMDAwMDAwMDAwMDAsInVwZGF0ZSI6MTIwMDAwMDAwMDAwMH0sInNjaGVtYV92ZXJzaW9uIjoiNiJ9"
        }
      ]
    }
  ],
  "check_results": null
}
